// !$*UTF8*$!
{
	archiveVersion = 1;
	classes = {
	};
	objectVersion = 48;
	objects = {

/* Begin PBXBuildFile section */
		074D683C203DDDF00039A1E5 /* AppDelegate.swift in Sources */ = {isa = PBXBuildFile; fileRef = 074D683B203DDDF00039A1E5 /* AppDelegate.swift */; };
		074D6841203DDDF00039A1E5 /* Main.storyboard in Resources */ = {isa = PBXBuildFile; fileRef = 074D683F203DDDF00039A1E5 /* Main.storyboard */; };
		074D6843203DDDF00039A1E5 /* Assets.xcassets in Resources */ = {isa = PBXBuildFile; fileRef = 074D6842203DDDF00039A1E5 /* Assets.xcassets */; };
		074D6846203DDDF00039A1E5 /* LaunchScreen.storyboard in Resources */ = {isa = PBXBuildFile; fileRef = 074D6844203DDDF00039A1E5 /* LaunchScreen.storyboard */; };
		074D6851203DDDF00039A1E5 /* devops_trainingTests.swift in Sources */ = {isa = PBXBuildFile; fileRef = 074D6850203DDDF00039A1E5 /* devops_trainingTests.swift */; };
		074D686B203DE7010039A1E5 /* Realm.framework in Frameworks */ = {isa = PBXBuildFile; fileRef = 074D686A203DE7010039A1E5 /* Realm.framework */; };
		074D686E203DEB9F0039A1E5 /* RealmSwift.framework in Frameworks */ = {isa = PBXBuildFile; fileRef = 074D686D203DEB9E0039A1E5 /* RealmSwift.framework */; };
		074D6870203DF4050039A1E5 /* ProductTableViewCell.swift in Sources */ = {isa = PBXBuildFile; fileRef = 074D686F203DF4050039A1E5 /* ProductTableViewCell.swift */; };
		074D6872203DF6110039A1E5 /* ProductsTableViewController.swift in Sources */ = {isa = PBXBuildFile; fileRef = 074D6871203DF6110039A1E5 /* ProductsTableViewController.swift */; };
		074D6874203EF6940039A1E5 /* ProductCreationViewController.swift in Sources */ = {isa = PBXBuildFile; fileRef = 074D6873203EF6940039A1E5 /* ProductCreationViewController.swift */; };
		074D6876203EFBED0039A1E5 /* ProductDAO.swift in Sources */ = {isa = PBXBuildFile; fileRef = 074D6875203EFBED0039A1E5 /* ProductDAO.swift */; };
		074D6878203EFCA40039A1E5 /* ProductVO.swift in Sources */ = {isa = PBXBuildFile; fileRef = 074D6877203EFCA40039A1E5 /* ProductVO.swift */; };
		AED77CC82045063700632BBB /* NetworkClient.swift in Sources */ = {isa = PBXBuildFile; fileRef = AED77CC72045063700632BBB /* NetworkClient.swift */; };
		AED77CCA20450BB600632BBB /* ProductResponse.swift in Sources */ = {isa = PBXBuildFile; fileRef = AED77CC920450BB600632BBB /* ProductResponse.swift */; };
		AEDA17342045D32E001E8A16 /* AddNewProductTest.swift in Sources */ = {isa = PBXBuildFile; fileRef = AEDA17332045D32E001E8A16 /* AddNewProductTest.swift */; };
		AEDA173C2045D6C9001E8A16 /* Snapshots.swift in Sources */ = {isa = PBXBuildFile; fileRef = AEDA173B2045D6C9001E8A16 /* Snapshots.swift */; };
		AEDA17492045D800001E8A16 /* SnapshotHelper.swift in Sources */ = {isa = PBXBuildFile; fileRef = AEDA17432045D7D9001E8A16 /* SnapshotHelper.swift */; };
/* End PBXBuildFile section */

/* Begin PBXContainerItemProxy section */
		074D684D203DDDF00039A1E5 /* PBXContainerItemProxy */ = {
			isa = PBXContainerItemProxy;
			containerPortal = 074D6830203DDDF00039A1E5 /* Project object */;
			proxyType = 1;
			remoteGlobalIDString = 074D6837203DDDF00039A1E5;
			remoteInfo = devops_training;
		};
		074D6858203DDDF00039A1E5 /* PBXContainerItemProxy */ = {
			isa = PBXContainerItemProxy;
			containerPortal = 074D6830203DDDF00039A1E5 /* Project object */;
			proxyType = 1;
			remoteGlobalIDString = 074D6837203DDDF00039A1E5;
			remoteInfo = devops_training;
		};
		AEDA173E2045D6C9001E8A16 /* PBXContainerItemProxy */ = {
			isa = PBXContainerItemProxy;
			containerPortal = 074D6830203DDDF00039A1E5 /* Project object */;
			proxyType = 1;
			remoteGlobalIDString = 074D6837203DDDF00039A1E5;
			remoteInfo = devops_training;
		};
/* End PBXContainerItemProxy section */

/* Begin PBXFileReference section */
		074D6838203DDDF00039A1E5 /* devops_training.app */ = {isa = PBXFileReference; explicitFileType = wrapper.application; includeInIndex = 0; path = devops_training.app; sourceTree = BUILT_PRODUCTS_DIR; };
		074D683B203DDDF00039A1E5 /* AppDelegate.swift */ = {isa = PBXFileReference; lastKnownFileType = sourcecode.swift; path = AppDelegate.swift; sourceTree = "<group>"; };
		074D6840203DDDF00039A1E5 /* Base */ = {isa = PBXFileReference; lastKnownFileType = file.storyboard; name = Base; path = Base.lproj/Main.storyboard; sourceTree = "<group>"; };
		074D6842203DDDF00039A1E5 /* Assets.xcassets */ = {isa = PBXFileReference; lastKnownFileType = folder.assetcatalog; path = Assets.xcassets; sourceTree = "<group>"; };
		074D6845203DDDF00039A1E5 /* Base */ = {isa = PBXFileReference; lastKnownFileType = file.storyboard; name = Base; path = Base.lproj/LaunchScreen.storyboard; sourceTree = "<group>"; };
		074D6847203DDDF00039A1E5 /* Info.plist */ = {isa = PBXFileReference; lastKnownFileType = text.plist.xml; path = Info.plist; sourceTree = "<group>"; };
		074D684C203DDDF00039A1E5 /* devops_trainingTests.xctest */ = {isa = PBXFileReference; explicitFileType = wrapper.cfbundle; includeInIndex = 0; path = devops_trainingTests.xctest; sourceTree = BUILT_PRODUCTS_DIR; };
		074D6850203DDDF00039A1E5 /* devops_trainingTests.swift */ = {isa = PBXFileReference; lastKnownFileType = sourcecode.swift; path = devops_trainingTests.swift; sourceTree = "<group>"; };
		074D6852203DDDF00039A1E5 /* Info.plist */ = {isa = PBXFileReference; lastKnownFileType = text.plist.xml; path = Info.plist; sourceTree = "<group>"; };
		074D6857203DDDF00039A1E5 /* devops_trainingUITests.xctest */ = {isa = PBXFileReference; explicitFileType = wrapper.cfbundle; includeInIndex = 0; path = devops_trainingUITests.xctest; sourceTree = BUILT_PRODUCTS_DIR; };
		074D685D203DDDF00039A1E5 /* Info.plist */ = {isa = PBXFileReference; lastKnownFileType = text.plist.xml; path = Info.plist; sourceTree = "<group>"; };
		074D686A203DE7010039A1E5 /* Realm.framework */ = {isa = PBXFileReference; lastKnownFileType = wrapper.framework; name = Realm.framework; path = Carthage/Build/iOS/Realm.framework; sourceTree = "<group>"; };
		074D686D203DEB9E0039A1E5 /* RealmSwift.framework */ = {isa = PBXFileReference; lastKnownFileType = wrapper.framework; name = RealmSwift.framework; path = Carthage/Build/iOS/RealmSwift.framework; sourceTree = "<group>"; };
		074D686F203DF4050039A1E5 /* ProductTableViewCell.swift */ = {isa = PBXFileReference; lastKnownFileType = sourcecode.swift; path = ProductTableViewCell.swift; sourceTree = "<group>"; };
		074D6871203DF6110039A1E5 /* ProductsTableViewController.swift */ = {isa = PBXFileReference; lastKnownFileType = sourcecode.swift; path = ProductsTableViewController.swift; sourceTree = "<group>"; };
		074D6873203EF6940039A1E5 /* ProductCreationViewController.swift */ = {isa = PBXFileReference; lastKnownFileType = sourcecode.swift; path = ProductCreationViewController.swift; sourceTree = "<group>"; };
		074D6875203EFBED0039A1E5 /* ProductDAO.swift */ = {isa = PBXFileReference; lastKnownFileType = sourcecode.swift; path = ProductDAO.swift; sourceTree = "<group>"; };
		074D6877203EFCA40039A1E5 /* ProductVO.swift */ = {isa = PBXFileReference; lastKnownFileType = sourcecode.swift; path = ProductVO.swift; sourceTree = "<group>"; };
		AED77CC72045063700632BBB /* NetworkClient.swift */ = {isa = PBXFileReference; lastKnownFileType = sourcecode.swift; path = NetworkClient.swift; sourceTree = "<group>"; };
		AED77CC920450BB600632BBB /* ProductResponse.swift */ = {isa = PBXFileReference; lastKnownFileType = sourcecode.swift; path = ProductResponse.swift; sourceTree = "<group>"; };
		AEDA17332045D32E001E8A16 /* AddNewProductTest.swift */ = {isa = PBXFileReference; lastKnownFileType = sourcecode.swift; path = AddNewProductTest.swift; sourceTree = "<group>"; };
		AEDA17392045D6C9001E8A16 /* Snapshots.xctest */ = {isa = PBXFileReference; explicitFileType = wrapper.cfbundle; includeInIndex = 0; path = Snapshots.xctest; sourceTree = BUILT_PRODUCTS_DIR; };
		AEDA173B2045D6C9001E8A16 /* Snapshots.swift */ = {isa = PBXFileReference; lastKnownFileType = sourcecode.swift; path = Snapshots.swift; sourceTree = "<group>"; };
		AEDA173D2045D6C9001E8A16 /* Info.plist */ = {isa = PBXFileReference; lastKnownFileType = text.plist.xml; path = Info.plist; sourceTree = "<group>"; };
		AEDA17432045D7D9001E8A16 /* SnapshotHelper.swift */ = {isa = PBXFileReference; fileEncoding = 4; lastKnownFileType = sourcecode.swift; path = SnapshotHelper.swift; sourceTree = "<group>"; };
/* End PBXFileReference section */

/* Begin PBXFrameworksBuildPhase section */
		074D6835203DDDF00039A1E5 /* Frameworks */ = {
			isa = PBXFrameworksBuildPhase;
			buildActionMask = 2147483647;
			files = (
				074D686B203DE7010039A1E5 /* Realm.framework in Frameworks */,
				074D686E203DEB9F0039A1E5 /* RealmSwift.framework in Frameworks */,
			);
			runOnlyForDeploymentPostprocessing = 0;
		};
		074D6849203DDDF00039A1E5 /* Frameworks */ = {
			isa = PBXFrameworksBuildPhase;
			buildActionMask = 2147483647;
			files = (
			);
			runOnlyForDeploymentPostprocessing = 0;
		};
		074D6854203DDDF00039A1E5 /* Frameworks */ = {
			isa = PBXFrameworksBuildPhase;
			buildActionMask = 2147483647;
			files = (
			);
			runOnlyForDeploymentPostprocessing = 0;
		};
		AEDA17362045D6C9001E8A16 /* Frameworks */ = {
			isa = PBXFrameworksBuildPhase;
			buildActionMask = 2147483647;
			files = (
			);
			runOnlyForDeploymentPostprocessing = 0;
		};
/* End PBXFrameworksBuildPhase section */

/* Begin PBXGroup section */
		074D682F203DDDF00039A1E5 = {
			isa = PBXGroup;
			children = (
				074D683A203DDDF00039A1E5 /* devops_training */,
				074D684F203DDDF00039A1E5 /* devops_trainingTests */,
				074D685A203DDDF00039A1E5 /* devops_trainingUITests */,
				AEDA173A2045D6C9001E8A16 /* Snapshots */,
				074D6839203DDDF00039A1E5 /* Products */,
				074D6869203DE7010039A1E5 /* Frameworks */,
			);
			sourceTree = "<group>";
		};
		074D6839203DDDF00039A1E5 /* Products */ = {
			isa = PBXGroup;
			children = (
				074D6838203DDDF00039A1E5 /* devops_training.app */,
				074D684C203DDDF00039A1E5 /* devops_trainingTests.xctest */,
				074D6857203DDDF00039A1E5 /* devops_trainingUITests.xctest */,
				AEDA17392045D6C9001E8A16 /* Snapshots.xctest */,
			);
			name = Products;
			sourceTree = "<group>";
		};
		074D683A203DDDF00039A1E5 /* devops_training */ = {
			isa = PBXGroup;
			children = (
				074D683B203DDDF00039A1E5 /* AppDelegate.swift */,
				074D683F203DDDF00039A1E5 /* Main.storyboard */,
				074D6842203DDDF00039A1E5 /* Assets.xcassets */,
				074D6844203DDDF00039A1E5 /* LaunchScreen.storyboard */,
				074D6847203DDDF00039A1E5 /* Info.plist */,
				074D686F203DF4050039A1E5 /* ProductTableViewCell.swift */,
				074D6871203DF6110039A1E5 /* ProductsTableViewController.swift */,
				074D6873203EF6940039A1E5 /* ProductCreationViewController.swift */,
				074D6875203EFBED0039A1E5 /* ProductDAO.swift */,
				074D6877203EFCA40039A1E5 /* ProductVO.swift */,
				AED77CC920450BB600632BBB /* ProductResponse.swift */,
				AED77CC72045063700632BBB /* NetworkClient.swift */,
			);
			path = devops_training;
			sourceTree = "<group>";
		};
		074D684F203DDDF00039A1E5 /* devops_trainingTests */ = {
			isa = PBXGroup;
			children = (
				074D6850203DDDF00039A1E5 /* devops_trainingTests.swift */,
				074D6852203DDDF00039A1E5 /* Info.plist */,
			);
			path = devops_trainingTests;
			sourceTree = "<group>";
		};
		074D685A203DDDF00039A1E5 /* devops_trainingUITests */ = {
			isa = PBXGroup;
			children = (
				074D685D203DDDF00039A1E5 /* Info.plist */,
				AEDA17332045D32E001E8A16 /* AddNewProductTest.swift */,
			);
			path = devops_trainingUITests;
			sourceTree = "<group>";
		};
		074D6869203DE7010039A1E5 /* Frameworks */ = {
			isa = PBXGroup;
			children = (
				074D686D203DEB9E0039A1E5 /* RealmSwift.framework */,
				074D686A203DE7010039A1E5 /* Realm.framework */,
			);
			name = Frameworks;
			sourceTree = "<group>";
		};
		AEDA173A2045D6C9001E8A16 /* Snapshots */ = {
			isa = PBXGroup;
			children = (
				AEDA17432045D7D9001E8A16 /* SnapshotHelper.swift */,
				AEDA173B2045D6C9001E8A16 /* Snapshots.swift */,
				AEDA173D2045D6C9001E8A16 /* Info.plist */,
			);
			path = Snapshots;
			sourceTree = "<group>";
		};
/* End PBXGroup section */

/* Begin PBXNativeTarget section */
		074D6837203DDDF00039A1E5 /* devops_training */ = {
			isa = PBXNativeTarget;
			buildConfigurationList = 074D6860203DDDF00039A1E5 /* Build configuration list for PBXNativeTarget "devops_training" */;
			buildPhases = (
				074D6834203DDDF00039A1E5 /* Sources */,
				074D6835203DDDF00039A1E5 /* Frameworks */,
				074D6836203DDDF00039A1E5 /* Resources */,
				074D686C203DE70B0039A1E5 /* ShellScript */,
				AED77CCB2045A4B700632BBB /* ShellScript */,
			);
			buildRules = (
			);
			dependencies = (
			);
			name = devops_training;
			productName = devops_training;
			productReference = 074D6838203DDDF00039A1E5 /* devops_training.app */;
			productType = "com.apple.product-type.application";
		};
		074D684B203DDDF00039A1E5 /* devops_trainingTests */ = {
			isa = PBXNativeTarget;
			buildConfigurationList = 074D6863203DDDF00039A1E5 /* Build configuration list for PBXNativeTarget "devops_trainingTests" */;
			buildPhases = (
				074D6848203DDDF00039A1E5 /* Sources */,
				074D6849203DDDF00039A1E5 /* Frameworks */,
				074D684A203DDDF00039A1E5 /* Resources */,
			);
			buildRules = (
			);
			dependencies = (
				074D684E203DDDF00039A1E5 /* PBXTargetDependency */,
			);
			name = devops_trainingTests;
			productName = devops_trainingTests;
			productReference = 074D684C203DDDF00039A1E5 /* devops_trainingTests.xctest */;
			productType = "com.apple.product-type.bundle.unit-test";
		};
		074D6856203DDDF00039A1E5 /* devops_trainingUITests */ = {
			isa = PBXNativeTarget;
			buildConfigurationList = 074D6866203DDDF00039A1E5 /* Build configuration list for PBXNativeTarget "devops_trainingUITests" */;
			buildPhases = (
				074D6853203DDDF00039A1E5 /* Sources */,
				074D6854203DDDF00039A1E5 /* Frameworks */,
				074D6855203DDDF00039A1E5 /* Resources */,
			);
			buildRules = (
			);
			dependencies = (
				074D6859203DDDF00039A1E5 /* PBXTargetDependency */,
			);
			name = devops_trainingUITests;
			productName = devops_trainingUITests;
			productReference = 074D6857203DDDF00039A1E5 /* devops_trainingUITests.xctest */;
			productType = "com.apple.product-type.bundle.ui-testing";
		};
		AEDA17382045D6C9001E8A16 /* Snapshots */ = {
			isa = PBXNativeTarget;
			buildConfigurationList = AEDA17402045D6C9001E8A16 /* Build configuration list for PBXNativeTarget "Snapshots" */;
			buildPhases = (
				AEDA17352045D6C9001E8A16 /* Sources */,
				AEDA17362045D6C9001E8A16 /* Frameworks */,
				AEDA17372045D6C9001E8A16 /* Resources */,
			);
			buildRules = (
			);
			dependencies = (
				AEDA173F2045D6C9001E8A16 /* PBXTargetDependency */,
			);
			name = Snapshots;
			productName = Snapshots;
			productReference = AEDA17392045D6C9001E8A16 /* Snapshots.xctest */;
			productType = "com.apple.product-type.bundle.ui-testing";
		};
/* End PBXNativeTarget section */

/* Begin PBXProject section */
		074D6830203DDDF00039A1E5 /* Project object */ = {
			isa = PBXProject;
			attributes = {
				LastSwiftUpdateCheck = 0920;
				LastUpgradeCheck = 0920;
				ORGANIZATIONNAME = caduebahia;
				TargetAttributes = {
					074D6837203DDDF00039A1E5 = {
						CreatedOnToolsVersion = 9.2;
						ProvisioningStyle = Automatic;
					};
					074D684B203DDDF00039A1E5 = {
						CreatedOnToolsVersion = 9.2;
						ProvisioningStyle = Automatic;
						TestTargetID = 074D6837203DDDF00039A1E5;
					};
					074D6856203DDDF00039A1E5 = {
						CreatedOnToolsVersion = 9.2;
						ProvisioningStyle = Automatic;
						TestTargetID = 074D6837203DDDF00039A1E5;
					};
					AEDA17382045D6C9001E8A16 = {
						CreatedOnToolsVersion = 9.2;
						ProvisioningStyle = Automatic;
						TestTargetID = 074D6837203DDDF00039A1E5;
					};
				};
			};
			buildConfigurationList = 074D6833203DDDF00039A1E5 /* Build configuration list for PBXProject "devops_training" */;
			compatibilityVersion = "Xcode 8.0";
			developmentRegion = en;
			hasScannedForEncodings = 0;
			knownRegions = (
				en,
				Base,
			);
			mainGroup = 074D682F203DDDF00039A1E5;
			productRefGroup = 074D6839203DDDF00039A1E5 /* Products */;
			projectDirPath = "";
			projectRoot = "";
			targets = (
				074D6837203DDDF00039A1E5 /* devops_training */,
				074D684B203DDDF00039A1E5 /* devops_trainingTests */,
				074D6856203DDDF00039A1E5 /* devops_trainingUITests */,
				AEDA17382045D6C9001E8A16 /* Snapshots */,
			);
		};
/* End PBXProject section */

/* Begin PBXResourcesBuildPhase section */
		074D6836203DDDF00039A1E5 /* Resources */ = {
			isa = PBXResourcesBuildPhase;
			buildActionMask = 2147483647;
			files = (
				074D6846203DDDF00039A1E5 /* LaunchScreen.storyboard in Resources */,
				074D6843203DDDF00039A1E5 /* Assets.xcassets in Resources */,
				074D6841203DDDF00039A1E5 /* Main.storyboard in Resources */,
			);
			runOnlyForDeploymentPostprocessing = 0;
		};
		074D684A203DDDF00039A1E5 /* Resources */ = {
			isa = PBXResourcesBuildPhase;
			buildActionMask = 2147483647;
			files = (
			);
			runOnlyForDeploymentPostprocessing = 0;
		};
		074D6855203DDDF00039A1E5 /* Resources */ = {
			isa = PBXResourcesBuildPhase;
			buildActionMask = 2147483647;
			files = (
			);
			runOnlyForDeploymentPostprocessing = 0;
		};
		AEDA17372045D6C9001E8A16 /* Resources */ = {
			isa = PBXResourcesBuildPhase;
			buildActionMask = 2147483647;
			files = (
			);
			runOnlyForDeploymentPostprocessing = 0;
		};
/* End PBXResourcesBuildPhase section */

/* Begin PBXShellScriptBuildPhase section */
		074D686C203DE70B0039A1E5 /* ShellScript */ = {
			isa = PBXShellScriptBuildPhase;
			buildActionMask = 2147483647;
			files = (
			);
			inputPaths = (
				"$(SRCROOT)/Carthage/Build/iOS/Realm.framework",
				"$(SRCROOT)/Carthage/Build/iOS/RealmSwift.framework",
			);
			outputPaths = (
			);
			runOnlyForDeploymentPostprocessing = 0;
			shellPath = /bin/sh;
			shellScript = "/usr/local/bin/carthage copy-frameworks";
		};
		AED77CCB2045A4B700632BBB /* ShellScript */ = {
			isa = PBXShellScriptBuildPhase;
			buildActionMask = 2147483647;
			files = (
			);
			inputPaths = (
			);
			outputPaths = (
			);
			runOnlyForDeploymentPostprocessing = 0;
			shellPath = /bin/sh;
			shellScript = "if which swiftlint >/dev/null; then\nswiftlint\nelse\necho \"warning: SwiftLint not installed, download from https://github.com/realm/SwiftLint\"\nfi";
		};
/* End PBXShellScriptBuildPhase section */

/* Begin PBXSourcesBuildPhase section */
		074D6834203DDDF00039A1E5 /* Sources */ = {
			isa = PBXSourcesBuildPhase;
			buildActionMask = 2147483647;
			files = (
				AED77CCA20450BB600632BBB /* ProductResponse.swift in Sources */,
				074D6878203EFCA40039A1E5 /* ProductVO.swift in Sources */,
				074D6872203DF6110039A1E5 /* ProductsTableViewController.swift in Sources */,
				074D6876203EFBED0039A1E5 /* ProductDAO.swift in Sources */,
				074D683C203DDDF00039A1E5 /* AppDelegate.swift in Sources */,
				AED77CC82045063700632BBB /* NetworkClient.swift in Sources */,
				074D6870203DF4050039A1E5 /* ProductTableViewCell.swift in Sources */,
				074D6874203EF6940039A1E5 /* ProductCreationViewController.swift in Sources */,
			);
			runOnlyForDeploymentPostprocessing = 0;
		};
		074D6848203DDDF00039A1E5 /* Sources */ = {
			isa = PBXSourcesBuildPhase;
			buildActionMask = 2147483647;
			files = (
				074D6851203DDDF00039A1E5 /* devops_trainingTests.swift in Sources */,
			);
			runOnlyForDeploymentPostprocessing = 0;
		};
		074D6853203DDDF00039A1E5 /* Sources */ = {
			isa = PBXSourcesBuildPhase;
			buildActionMask = 2147483647;
			files = (
				AEDA17342045D32E001E8A16 /* AddNewProductTest.swift in Sources */,
			);
			runOnlyForDeploymentPostprocessing = 0;
		};
		AEDA17352045D6C9001E8A16 /* Sources */ = {
			isa = PBXSourcesBuildPhase;
			buildActionMask = 2147483647;
			files = (
				AEDA173C2045D6C9001E8A16 /* Snapshots.swift in Sources */,
				AEDA17492045D800001E8A16 /* SnapshotHelper.swift in Sources */,
			);
			runOnlyForDeploymentPostprocessing = 0;
		};
/* End PBXSourcesBuildPhase section */

/* Begin PBXTargetDependency section */
		074D684E203DDDF00039A1E5 /* PBXTargetDependency */ = {
			isa = PBXTargetDependency;
			target = 074D6837203DDDF00039A1E5 /* devops_training */;
			targetProxy = 074D684D203DDDF00039A1E5 /* PBXContainerItemProxy */;
		};
		074D6859203DDDF00039A1E5 /* PBXTargetDependency */ = {
			isa = PBXTargetDependency;
			target = 074D6837203DDDF00039A1E5 /* devops_training */;
			targetProxy = 074D6858203DDDF00039A1E5 /* PBXContainerItemProxy */;
		};
		AEDA173F2045D6C9001E8A16 /* PBXTargetDependency */ = {
			isa = PBXTargetDependency;
			target = 074D6837203DDDF00039A1E5 /* devops_training */;
			targetProxy = AEDA173E2045D6C9001E8A16 /* PBXContainerItemProxy */;
		};
/* End PBXTargetDependency section */

/* Begin PBXVariantGroup section */
		074D683F203DDDF00039A1E5 /* Main.storyboard */ = {
			isa = PBXVariantGroup;
			children = (
				074D6840203DDDF00039A1E5 /* Base */,
			);
			name = Main.storyboard;
			sourceTree = "<group>";
		};
		074D6844203DDDF00039A1E5 /* LaunchScreen.storyboard */ = {
			isa = PBXVariantGroup;
			children = (
				074D6845203DDDF00039A1E5 /* Base */,
			);
			name = LaunchScreen.storyboard;
			sourceTree = "<group>";
		};
/* End PBXVariantGroup section */

/* Begin XCBuildConfiguration section */
		074D685E203DDDF00039A1E5 /* Debug */ = {
			isa = XCBuildConfiguration;
			buildSettings = {
				ALWAYS_SEARCH_USER_PATHS = NO;
				CLANG_ANALYZER_NONNULL = YES;
				CLANG_ANALYZER_NUMBER_OBJECT_CONVERSION = YES_AGGRESSIVE;
				CLANG_CXX_LANGUAGE_STANDARD = "gnu++14";
				CLANG_CXX_LIBRARY = "libc++";
				CLANG_ENABLE_MODULES = YES;
				CLANG_ENABLE_OBJC_ARC = YES;
				CLANG_WARN_BLOCK_CAPTURE_AUTORELEASING = YES;
				CLANG_WARN_BOOL_CONVERSION = YES;
				CLANG_WARN_COMMA = YES;
				CLANG_WARN_CONSTANT_CONVERSION = YES;
				CLANG_WARN_DIRECT_OBJC_ISA_USAGE = YES_ERROR;
				CLANG_WARN_DOCUMENTATION_COMMENTS = YES;
				CLANG_WARN_EMPTY_BODY = YES;
				CLANG_WARN_ENUM_CONVERSION = YES;
				CLANG_WARN_INFINITE_RECURSION = YES;
				CLANG_WARN_INT_CONVERSION = YES;
				CLANG_WARN_NON_LITERAL_NULL_CONVERSION = YES;
				CLANG_WARN_OBJC_LITERAL_CONVERSION = YES;
				CLANG_WARN_OBJC_ROOT_CLASS = YES_ERROR;
				CLANG_WARN_RANGE_LOOP_ANALYSIS = YES;
				CLANG_WARN_STRICT_PROTOTYPES = YES;
				CLANG_WARN_SUSPICIOUS_MOVE = YES;
				CLANG_WARN_UNGUARDED_AVAILABILITY = YES_AGGRESSIVE;
				CLANG_WARN_UNREACHABLE_CODE = YES;
				CLANG_WARN__DUPLICATE_METHOD_MATCH = YES;
				CODE_SIGN_IDENTITY = "iPhone Developer";
				COPY_PHASE_STRIP = NO;
				DEBUG_INFORMATION_FORMAT = dwarf;
				ENABLE_STRICT_OBJC_MSGSEND = YES;
				ENABLE_TESTABILITY = YES;
				GCC_C_LANGUAGE_STANDARD = gnu11;
				GCC_DYNAMIC_NO_PIC = NO;
				GCC_NO_COMMON_BLOCKS = YES;
				GCC_OPTIMIZATION_LEVEL = 0;
				GCC_PREPROCESSOR_DEFINITIONS = (
					"DEBUG=1",
					"$(inherited)",
				);
				GCC_WARN_64_TO_32_BIT_CONVERSION = YES;
				GCC_WARN_ABOUT_RETURN_TYPE = YES_ERROR;
				GCC_WARN_UNDECLARED_SELECTOR = YES;
				GCC_WARN_UNINITIALIZED_AUTOS = YES_AGGRESSIVE;
				GCC_WARN_UNUSED_FUNCTION = YES;
				GCC_WARN_UNUSED_VARIABLE = YES;
				IPHONEOS_DEPLOYMENT_TARGET = 11.2;
				MTL_ENABLE_DEBUG_INFO = YES;
				ONLY_ACTIVE_ARCH = YES;
				SDKROOT = iphoneos;
				SWIFT_ACTIVE_COMPILATION_CONDITIONS = DEBUG;
				SWIFT_OPTIMIZATION_LEVEL = "-Onone";
			};
			name = Debug;
		};
		074D685F203DDDF00039A1E5 /* Release */ = {
			isa = XCBuildConfiguration;
			buildSettings = {
				ALWAYS_SEARCH_USER_PATHS = NO;
				CLANG_ANALYZER_NONNULL = YES;
				CLANG_ANALYZER_NUMBER_OBJECT_CONVERSION = YES_AGGRESSIVE;
				CLANG_CXX_LANGUAGE_STANDARD = "gnu++14";
				CLANG_CXX_LIBRARY = "libc++";
				CLANG_ENABLE_MODULES = YES;
				CLANG_ENABLE_OBJC_ARC = YES;
				CLANG_WARN_BLOCK_CAPTURE_AUTORELEASING = YES;
				CLANG_WARN_BOOL_CONVERSION = YES;
				CLANG_WARN_COMMA = YES;
				CLANG_WARN_CONSTANT_CONVERSION = YES;
				CLANG_WARN_DIRECT_OBJC_ISA_USAGE = YES_ERROR;
				CLANG_WARN_DOCUMENTATION_COMMENTS = YES;
				CLANG_WARN_EMPTY_BODY = YES;
				CLANG_WARN_ENUM_CONVERSION = YES;
				CLANG_WARN_INFINITE_RECURSION = YES;
				CLANG_WARN_INT_CONVERSION = YES;
				CLANG_WARN_NON_LITERAL_NULL_CONVERSION = YES;
				CLANG_WARN_OBJC_LITERAL_CONVERSION = YES;
				CLANG_WARN_OBJC_ROOT_CLASS = YES_ERROR;
				CLANG_WARN_RANGE_LOOP_ANALYSIS = YES;
				CLANG_WARN_STRICT_PROTOTYPES = YES;
				CLANG_WARN_SUSPICIOUS_MOVE = YES;
				CLANG_WARN_UNGUARDED_AVAILABILITY = YES_AGGRESSIVE;
				CLANG_WARN_UNREACHABLE_CODE = YES;
				CLANG_WARN__DUPLICATE_METHOD_MATCH = YES;
				CODE_SIGN_IDENTITY = "iPhone Developer";
				COPY_PHASE_STRIP = NO;
				DEBUG_INFORMATION_FORMAT = "dwarf-with-dsym";
				ENABLE_NS_ASSERTIONS = NO;
				ENABLE_STRICT_OBJC_MSGSEND = YES;
				GCC_C_LANGUAGE_STANDARD = gnu11;
				GCC_NO_COMMON_BLOCKS = YES;
				GCC_WARN_64_TO_32_BIT_CONVERSION = YES;
				GCC_WARN_ABOUT_RETURN_TYPE = YES_ERROR;
				GCC_WARN_UNDECLARED_SELECTOR = YES;
				GCC_WARN_UNINITIALIZED_AUTOS = YES_AGGRESSIVE;
				GCC_WARN_UNUSED_FUNCTION = YES;
				GCC_WARN_UNUSED_VARIABLE = YES;
				IPHONEOS_DEPLOYMENT_TARGET = 11.2;
				MTL_ENABLE_DEBUG_INFO = NO;
				SDKROOT = iphoneos;
				SWIFT_OPTIMIZATION_LEVEL = "-Owholemodule";
				VALIDATE_PRODUCT = YES;
			};
			name = Release;
		};
		074D6861203DDDF00039A1E5 /* Debug */ = {
			isa = XCBuildConfiguration;
			buildSettings = {
				ASSETCATALOG_COMPILER_APPICON_NAME = AppIcon;
				CODE_SIGN_STYLE = Automatic;
				CURRENT_PROJECT_VERSION = 16;
				FRAMEWORK_SEARCH_PATHS = (
					"$(inherited)",
					"$(PROJECT_DIR)/Carthage/Build/iOS",
				);
				INFOPLIST_FILE = devops_training/Info.plist;
				LD_RUNPATH_SEARCH_PATHS = "$(inherited) @executable_path/Frameworks";
				PRODUCT_BUNDLE_IDENTIFIER = "br.com.caduebahia.devops-training";
				PRODUCT_NAME = "$(TARGET_NAME)";
				SWIFT_VERSION = 4.0;
				TARGETED_DEVICE_FAMILY = "1,2";
				VERSIONING_SYSTEM = "apple-generic";
			};
			name = Debug;
		};
		074D6862203DDDF00039A1E5 /* Release */ = {
			isa = XCBuildConfiguration;
			buildSettings = {
				ASSETCATALOG_COMPILER_APPICON_NAME = AppIcon;
				CODE_SIGN_STYLE = Automatic;
				CURRENT_PROJECT_VERSION = 16;
				FRAMEWORK_SEARCH_PATHS = (
					"$(inherited)",
					"$(PROJECT_DIR)/Carthage/Build/iOS",
				);
				INFOPLIST_FILE = devops_training/Info.plist;
				LD_RUNPATH_SEARCH_PATHS = "$(inherited) @executable_path/Frameworks";
				PRODUCT_BUNDLE_IDENTIFIER = "br.com.caduebahia.devops-training";
				PRODUCT_NAME = "$(TARGET_NAME)";
				SWIFT_VERSION = 4.0;
				TARGETED_DEVICE_FAMILY = "1,2";
				VERSIONING_SYSTEM = "apple-generic";
			};
			name = Release;
		};
		074D6864203DDDF00039A1E5 /* Debug */ = {
			isa = XCBuildConfiguration;
			buildSettings = {
				ALWAYS_EMBED_SWIFT_STANDARD_LIBRARIES = YES;
				BUNDLE_LOADER = "$(TEST_HOST)";
				CODE_SIGN_STYLE = Automatic;
				INFOPLIST_FILE = devops_trainingTests/Info.plist;
				LD_RUNPATH_SEARCH_PATHS = "$(inherited) @executable_path/Frameworks @loader_path/Frameworks";
				PRODUCT_BUNDLE_IDENTIFIER = "br.com.caduebahia.devops-trainingTests";
				PRODUCT_NAME = "$(TARGET_NAME)";
				SWIFT_VERSION = 4.0;
				TARGETED_DEVICE_FAMILY = "1,2";
				TEST_HOST = "$(BUILT_PRODUCTS_DIR)/devops_training.app/devops_training";
			};
			name = Debug;
		};
		074D6865203DDDF00039A1E5 /* Release */ = {
			isa = XCBuildConfiguration;
			buildSettings = {
				ALWAYS_EMBED_SWIFT_STANDARD_LIBRARIES = YES;
				BUNDLE_LOADER = "$(TEST_HOST)";
				CODE_SIGN_STYLE = Automatic;
				INFOPLIST_FILE = devops_trainingTests/Info.plist;
				LD_RUNPATH_SEARCH_PATHS = "$(inherited) @executable_path/Frameworks @loader_path/Frameworks";
				PRODUCT_BUNDLE_IDENTIFIER = "br.com.caduebahia.devops-trainingTests";
				PRODUCT_NAME = "$(TARGET_NAME)";
				SWIFT_VERSION = 4.0;
				TARGETED_DEVICE_FAMILY = "1,2";
				TEST_HOST = "$(BUILT_PRODUCTS_DIR)/devops_training.app/devops_training";
			};
			name = Release;
		};
		074D6867203DDDF00039A1E5 /* Debug */ = {
			isa = XCBuildConfiguration;
			buildSettings = {
				ALWAYS_EMBED_SWIFT_STANDARD_LIBRARIES = YES;
				CODE_SIGN_STYLE = Automatic;
				INFOPLIST_FILE = devops_trainingUITests/Info.plist;
				LD_RUNPATH_SEARCH_PATHS = "$(inherited) @executable_path/Frameworks @loader_path/Frameworks";
				PRODUCT_BUNDLE_IDENTIFIER = "br.com.caduebahia.devops-trainingUITests";
				PRODUCT_NAME = "$(TARGET_NAME)";
				SWIFT_VERSION = 4.0;
				TARGETED_DEVICE_FAMILY = "1,2";
				TEST_TARGET_NAME = devops_training;
			};
			name = Debug;
		};
		074D6868203DDDF00039A1E5 /* Release */ = {
			isa = XCBuildConfiguration;
			buildSettings = {
				ALWAYS_EMBED_SWIFT_STANDARD_LIBRARIES = YES;
				CODE_SIGN_STYLE = Automatic;
				INFOPLIST_FILE = devops_trainingUITests/Info.plist;
				LD_RUNPATH_SEARCH_PATHS = "$(inherited) @executable_path/Frameworks @loader_path/Frameworks";
				PRODUCT_BUNDLE_IDENTIFIER = "br.com.caduebahia.devops-trainingUITests";
				PRODUCT_NAME = "$(TARGET_NAME)";
				SWIFT_VERSION = 4.0;
				TARGETED_DEVICE_FAMILY = "1,2";
				TEST_TARGET_NAME = devops_training;
			};
			name = Release;
		};
		AEDA17412045D6C9001E8A16 /* Debug */ = {
			isa = XCBuildConfiguration;
			buildSettings = {
				CODE_SIGN_STYLE = Automatic;
				INFOPLIST_FILE = Snapshots/Info.plist;
				LD_RUNPATH_SEARCH_PATHS = "$(inherited) @executable_path/Frameworks @loader_path/Frameworks";
				PRODUCT_BUNDLE_IDENTIFIER = "br.com.caduebahia.devops-training.Snapshots";
				PRODUCT_NAME = "$(TARGET_NAME)";
				SWIFT_VERSION = 4.0;
				TARGETED_DEVICE_FAMILY = "1,2";
				TEST_TARGET_NAME = devops_training;
			};
			name = Debug;
		};
		AEDA17422045D6C9001E8A16 /* Release */ = {
			isa = XCBuildConfiguration;
			buildSettings = {
				CODE_SIGN_STYLE = Automatic;
				INFOPLIST_FILE = Snapshots/Info.plist;
				LD_RUNPATH_SEARCH_PATHS = "$(inherited) @executable_path/Frameworks @loader_path/Frameworks";
				PRODUCT_BUNDLE_IDENTIFIER = "br.com.caduebahia.devops-training.Snapshots";
				PRODUCT_NAME = "$(TARGET_NAME)";
				SWIFT_VERSION = 4.0;
				TARGETED_DEVICE_FAMILY = "1,2";
				TEST_TARGET_NAME = devops_training;
			};
			name = Release;
		};
/* End XCBuildConfiguration section */

/* Begin XCConfigurationList section */
		074D6833203DDDF00039A1E5 /* Build configuration list for PBXProject "devops_training" */ = {
			isa = XCConfigurationList;
			buildConfigurations = (
				074D685E203DDDF00039A1E5 /* Debug */,
				074D685F203DDDF00039A1E5 /* Release */,
			);
			defaultConfigurationIsVisible = 0;
			defaultConfigurationName = Release;
		};
		074D6860203DDDF00039A1E5 /* Build configuration list for PBXNativeTarget "devops_training" */ = {
			isa = XCConfigurationList;
			buildConfigurations = (
				074D6861203DDDF00039A1E5 /* Debug */,
				074D6862203DDDF00039A1E5 /* Release */,
			);
			defaultConfigurationIsVisible = 0;
			defaultConfigurationName = Release;
		};
		074D6863203DDDF00039A1E5 /* Build configuration list for PBXNativeTarget "devops_trainingTests" */ = {
			isa = XCConfigurationList;
			buildConfigurations = (
				074D6864203DDDF00039A1E5 /* Debug */,
				074D6865203DDDF00039A1E5 /* Release */,
			);
			defaultConfigurationIsVisible = 0;
			defaultConfigurationName = Release;
		};
		074D6866203DDDF00039A1E5 /* Build configuration list for PBXNativeTarget "devops_trainingUITests" */ = {
			isa = XCConfigurationList;
			buildConfigurations = (
				074D6867203DDDF00039A1E5 /* Debug */,
				074D6868203DDDF00039A1E5 /* Release */,
			);
			defaultConfigurationIsVisible = 0;
			defaultConfigurationName = Release;
		};
		AEDA17402045D6C9001E8A16 /* Build configuration list for PBXNativeTarget "Snapshots" */ = {
			isa = XCConfigurationList;
			buildConfigurations = (
				AEDA17412045D6C9001E8A16 /* Debug */,
				AEDA17422045D6C9001E8A16 /* Release */,
			);
			defaultConfigurationIsVisible = 0;
			defaultConfigurationName = Release;
		};
/* End XCConfigurationList section */
	};
	rootObject = 074D6830203DDDF00039A1E5 /* Project object */;
}
